// !$*UTF8*$!
{
	archiveVersion = 1;
	classes = {
	};
	objectVersion = 46;
	objects = {

/* Begin PBXBuildFile section */
		19162E371C32546D00BB3BD4 /* AppDelegate.swift in Sources */ = {isa = PBXBuildFile; fileRef = 19162E361C32546D00BB3BD4 /* AppDelegate.swift */; };
		19162E3C1C32546D00BB3BD4 /* Main.storyboard in Resources */ = {isa = PBXBuildFile; fileRef = 19162E3A1C32546D00BB3BD4 /* Main.storyboard */; };
		19162E3F1C32546D00BB3BD4 /* FlashCards.xcdatamodeld in Sources */ = {isa = PBXBuildFile; fileRef = 19162E3D1C32546D00BB3BD4 /* FlashCards.xcdatamodeld */; };
		19162E411C32546D00BB3BD4 /* Assets.xcassets in Resources */ = {isa = PBXBuildFile; fileRef = 19162E401C32546D00BB3BD4 /* Assets.xcassets */; };
		19162E441C32546D00BB3BD4 /* LaunchScreen.storyboard in Resources */ = {isa = PBXBuildFile; fileRef = 19162E421C32546D00BB3BD4 /* LaunchScreen.storyboard */; };
		19162E4F1C32546D00BB3BD4 /* FlashCardsTests.swift in Sources */ = {isa = PBXBuildFile; fileRef = 19162E4E1C32546D00BB3BD4 /* FlashCardsTests.swift */; };
		19162E5A1C32546D00BB3BD4 /* FlashCardsUITests.swift in Sources */ = {isa = PBXBuildFile; fileRef = 19162E591C32546D00BB3BD4 /* FlashCardsUITests.swift */; };
		19162E681C3254D600BB3BD4 /* CoreDataStackManager.swift in Sources */ = {isa = PBXBuildFile; fileRef = 19162E671C3254D600BB3BD4 /* CoreDataStackManager.swift */; };
		191E4E5B1C38DC0C00C3686D /* FullTestViewController.swift in Sources */ = {isa = PBXBuildFile; fileRef = 191E4E5A1C38DC0C00C3686D /* FullTestViewController.swift */; };
		192CFA0E1C378FDF00ED4585 /* AddSubjectViewController.swift in Sources */ = {isa = PBXBuildFile; fileRef = 192CFA0D1C378FDF00ED4585 /* AddSubjectViewController.swift */; };
		192CFA101C37AD4900ED4585 /* AddCardViewController.swift in Sources */ = {isa = PBXBuildFile; fileRef = 192CFA0F1C37AD4900ED4585 /* AddCardViewController.swift */; };
		194331981C33E804001ABC7D /* Deck.swift in Sources */ = {isa = PBXBuildFile; fileRef = 194331971C33E804001ABC7D /* Deck.swift */; };
		1943319A1C33F0E0001ABC7D /* FlashCard.swift in Sources */ = {isa = PBXBuildFile; fileRef = 194331991C33F0E0001ABC7D /* FlashCard.swift */; };
		196CBD121C325F5B00302FE3 /* DeckCollectionViewController.swift in Sources */ = {isa = PBXBuildFile; fileRef = 196CBD111C325F5B00302FE3 /* DeckCollectionViewController.swift */; };
		196CBD171C32686E00302FE3 /* Roboto-Medium.ttf in Resources */ = {isa = PBXBuildFile; fileRef = 196CBD131C32686100302FE3 /* Roboto-Medium.ttf */; };
		196CBD181C32687000302FE3 /* Roboto-Regular.ttf in Resources */ = {isa = PBXBuildFile; fileRef = 196CBD141C32686100302FE3 /* Roboto-Regular.ttf */; };
		196CBD191C32687300302FE3 /* Roboto-Thin.ttf in Resources */ = {isa = PBXBuildFile; fileRef = 196CBD151C32686100302FE3 /* Roboto-Thin.ttf */; };
		196CBD1B1C326AB900302FE3 /* Futura (Light).ttf in Resources */ = {isa = PBXBuildFile; fileRef = 196CBD1A1C326AB900302FE3 /* Futura (Light).ttf */; };
		196CBD1F1C3281B200302FE3 /* DeckCollectionViewCell.swift in Sources */ = {isa = PBXBuildFile; fileRef = 196CBD1E1C3281B200302FE3 /* DeckCollectionViewCell.swift */; };
		196CBD231C3299E700302FE3 /* AddDeckViewController.swift in Sources */ = {isa = PBXBuildFile; fileRef = 196CBD221C3299E600302FE3 /* AddDeckViewController.swift */; };
		19B020181C3A2851001791D2 /* MDBGScraper.swift in Sources */ = {isa = PBXBuildFile; fileRef = 19B020171C3A2851001791D2 /* MDBGScraper.swift */; };
		19B0205E1C3B6D6A001791D2 /* TFHpple.m in Sources */ = {isa = PBXBuildFile; fileRef = 19B020591C3B6D6A001791D2 /* TFHpple.m */; };
		19B0205F1C3B6D6A001791D2 /* TFHppleElement.m in Sources */ = {isa = PBXBuildFile; fileRef = 19B0205B1C3B6D6A001791D2 /* TFHppleElement.m */; };
		19B020601C3B6D6A001791D2 /* XPathQuery.m in Sources */ = {isa = PBXBuildFile; fileRef = 19B0205D1C3B6D6A001791D2 /* XPathQuery.m */; };
		19B020691C3B6E75001791D2 /* libxml2.2.tbd in Frameworks */ = {isa = PBXBuildFile; fileRef = 19B020671C3B6E75001791D2 /* libxml2.2.tbd */; };
		19B0206A1C3B6E75001791D2 /* libxml2.tbd in Frameworks */ = {isa = PBXBuildFile; fileRef = 19B020681C3B6E75001791D2 /* libxml2.tbd */; };
		19B0206C1C3B7C33001791D2 /* ButtonExtension.swift in Sources */ = {isa = PBXBuildFile; fileRef = 19B0206B1C3B7C33001791D2 /* ButtonExtension.swift */; };
		19C40C971C3C068F000BC474 /* DetailCardViewController.swift in Sources */ = {isa = PBXBuildFile; fileRef = 19C40C961C3C068F000BC474 /* DetailCardViewController.swift */; };
		19E7BC481C375CC80079A1EF /* DetailDeckViewController.swift in Sources */ = {isa = PBXBuildFile; fileRef = 19E7BC471C375CC80079A1EF /* DetailDeckViewController.swift */; };
		19E7BC4C1C3760720079A1EF /* UserActionCollectionViewCell.swift in Sources */ = {isa = PBXBuildFile; fileRef = 19E7BC4B1C3760720079A1EF /* UserActionCollectionViewCell.swift */; };
		19E7BC521C37678A0079A1EF /* CardCollectionViewCell.swift in Sources */ = {isa = PBXBuildFile; fileRef = 19E7BC511C37678A0079A1EF /* CardCollectionViewCell.swift */; };
		19E7BC541C3767970079A1EF /* CardCollectionViewController.swift in Sources */ = {isa = PBXBuildFile; fileRef = 19E7BC531C3767970079A1EF /* CardCollectionViewController.swift */; };
		19E7BC561C378C8A0079A1EF /* SubjectCollectionViewController.swift in Sources */ = {isa = PBXBuildFile; fileRef = 19E7BC551C378C8A0079A1EF /* SubjectCollectionViewController.swift */; };
		19E7BC581C378CD80079A1EF /* SubjectCollectionViewCell.swift in Sources */ = {isa = PBXBuildFile; fileRef = 19E7BC571C378CD80079A1EF /* SubjectCollectionViewCell.swift */; };
		19E7BC5C1C378D620079A1EF /* Subject.swift in Sources */ = {isa = PBXBuildFile; fileRef = 19E7BC5B1C378D620079A1EF /* Subject.swift */; };
		19ED4D3D1C38AFAE00CA2E1E /* UIViewExtensions.swift in Sources */ = {isa = PBXBuildFile; fileRef = 19ED4D3C1C38AFAE00CA2E1E /* UIViewExtensions.swift */; };
		19ED4D3F1C38B52800CA2E1E /* ConfigureCollectionView.swift in Sources */ = {isa = PBXBuildFile; fileRef = 19ED4D3E1C38B52800CA2E1E /* ConfigureCollectionView.swift */; };
		19ED4D411C38B66400CA2E1E /* ConfigureNavigationBar.swift in Sources */ = {isa = PBXBuildFile; fileRef = 19ED4D401C38B66400CA2E1E /* ConfigureNavigationBar.swift */; };
		19ED4D431C38BE5D00CA2E1E /* TestCollectionViewController.swift in Sources */ = {isa = PBXBuildFile; fileRef = 19ED4D421C38BE5D00CA2E1E /* TestCollectionViewController.swift */; };
		19ED4D451C38BE9600CA2E1E /* TestCollectionViewCell.swift in Sources */ = {isa = PBXBuildFile; fileRef = 19ED4D441C38BE9600CA2E1E /* TestCollectionViewCell.swift */; };
		19ED4D471C38C18A00CA2E1E /* LabelExtension.swift in Sources */ = {isa = PBXBuildFile; fileRef = 19ED4D461C38C18A00CA2E1E /* LabelExtension.swift */; };
		19F0D1A41C3F9BEA00D5D888 /* PearsonClient.swift in Sources */ = {isa = PBXBuildFile; fileRef = 19F0D1A21C3F9BEA00D5D888 /* PearsonClient.swift */; };
		19F0D1A51C3F9BEA00D5D888 /* PearsonData.swift in Sources */ = {isa = PBXBuildFile; fileRef = 19F0D1A31C3F9BEA00D5D888 /* PearsonData.swift */; };
		19F0D1A71C3F9D7D00D5D888 /* MDBGData.swift in Sources */ = {isa = PBXBuildFile; fileRef = 19F0D1A61C3F9D7D00D5D888 /* MDBGData.swift */; };
/* End PBXBuildFile section */

/* Begin PBXContainerItemProxy section */
		19162E4B1C32546D00BB3BD4 /* PBXContainerItemProxy */ = {
			isa = PBXContainerItemProxy;
			containerPortal = 19162E2B1C32546D00BB3BD4 /* Project object */;
			proxyType = 1;
			remoteGlobalIDString = 19162E321C32546D00BB3BD4;
			remoteInfo = FlashCards;
		};
		19162E561C32546D00BB3BD4 /* PBXContainerItemProxy */ = {
			isa = PBXContainerItemProxy;
			containerPortal = 19162E2B1C32546D00BB3BD4 /* Project object */;
			proxyType = 1;
			remoteGlobalIDString = 19162E321C32546D00BB3BD4;
			remoteInfo = FlashCards;
		};
/* End PBXContainerItemProxy section */

/* Begin PBXFileReference section */
		19162E331C32546D00BB3BD4 /* FlashCards.app */ = {isa = PBXFileReference; explicitFileType = wrapper.application; includeInIndex = 0; path = FlashCards.app; sourceTree = BUILT_PRODUCTS_DIR; };
		19162E361C32546D00BB3BD4 /* AppDelegate.swift */ = {isa = PBXFileReference; lastKnownFileType = sourcecode.swift; path = AppDelegate.swift; sourceTree = "<group>"; };
		19162E3B1C32546D00BB3BD4 /* Base */ = {isa = PBXFileReference; lastKnownFileType = file.storyboard; name = Base; path = Base.lproj/Main.storyboard; sourceTree = "<group>"; };
		19162E3E1C32546D00BB3BD4 /* FlashCards.xcdatamodel */ = {isa = PBXFileReference; lastKnownFileType = wrapper.xcdatamodel; path = FlashCards.xcdatamodel; sourceTree = "<group>"; };
		19162E401C32546D00BB3BD4 /* Assets.xcassets */ = {isa = PBXFileReference; lastKnownFileType = folder.assetcatalog; path = Assets.xcassets; sourceTree = "<group>"; };
		19162E431C32546D00BB3BD4 /* Base */ = {isa = PBXFileReference; lastKnownFileType = file.storyboard; name = Base; path = Base.lproj/LaunchScreen.storyboard; sourceTree = "<group>"; };
		19162E451C32546D00BB3BD4 /* Info.plist */ = {isa = PBXFileReference; lastKnownFileType = text.plist.xml; path = Info.plist; sourceTree = "<group>"; };
		19162E4A1C32546D00BB3BD4 /* FlashCardsTests.xctest */ = {isa = PBXFileReference; explicitFileType = wrapper.cfbundle; includeInIndex = 0; path = FlashCardsTests.xctest; sourceTree = BUILT_PRODUCTS_DIR; };
		19162E4E1C32546D00BB3BD4 /* FlashCardsTests.swift */ = {isa = PBXFileReference; lastKnownFileType = sourcecode.swift; path = FlashCardsTests.swift; sourceTree = "<group>"; };
		19162E501C32546D00BB3BD4 /* Info.plist */ = {isa = PBXFileReference; lastKnownFileType = text.plist.xml; path = Info.plist; sourceTree = "<group>"; };
		19162E551C32546D00BB3BD4 /* FlashCardsUITests.xctest */ = {isa = PBXFileReference; explicitFileType = wrapper.cfbundle; includeInIndex = 0; path = FlashCardsUITests.xctest; sourceTree = BUILT_PRODUCTS_DIR; };
		19162E591C32546D00BB3BD4 /* FlashCardsUITests.swift */ = {isa = PBXFileReference; lastKnownFileType = sourcecode.swift; path = FlashCardsUITests.swift; sourceTree = "<group>"; };
		19162E5B1C32546D00BB3BD4 /* Info.plist */ = {isa = PBXFileReference; lastKnownFileType = text.plist.xml; path = Info.plist; sourceTree = "<group>"; };
		19162E671C3254D600BB3BD4 /* CoreDataStackManager.swift */ = {isa = PBXFileReference; fileEncoding = 4; lastKnownFileType = sourcecode.swift; path = CoreDataStackManager.swift; sourceTree = "<group>"; };
		191E4E5A1C38DC0C00C3686D /* FullTestViewController.swift */ = {isa = PBXFileReference; fileEncoding = 4; lastKnownFileType = sourcecode.swift; path = FullTestViewController.swift; sourceTree = "<group>"; };
		192CFA0D1C378FDF00ED4585 /* AddSubjectViewController.swift */ = {isa = PBXFileReference; fileEncoding = 4; lastKnownFileType = sourcecode.swift; path = AddSubjectViewController.swift; sourceTree = "<group>"; };
		192CFA0F1C37AD4900ED4585 /* AddCardViewController.swift */ = {isa = PBXFileReference; fileEncoding = 4; lastKnownFileType = sourcecode.swift; path = AddCardViewController.swift; sourceTree = "<group>"; };
		194331971C33E804001ABC7D /* Deck.swift */ = {isa = PBXFileReference; fileEncoding = 4; lastKnownFileType = sourcecode.swift; path = Deck.swift; sourceTree = "<group>"; };
		194331991C33F0E0001ABC7D /* FlashCard.swift */ = {isa = PBXFileReference; fileEncoding = 4; lastKnownFileType = sourcecode.swift; path = FlashCard.swift; sourceTree = "<group>"; };
		19484F4B1C3CFFD4001207DD /* FlashCards.entitlements */ = {isa = PBXFileReference; lastKnownFileType = text.xml; name = FlashCards.entitlements; path = Model/CoreData/FlashCards.entitlements; sourceTree = "<group>"; };
		196CBD111C325F5B00302FE3 /* DeckCollectionViewController.swift */ = {isa = PBXFileReference; fileEncoding = 4; lastKnownFileType = sourcecode.swift; path = DeckCollectionViewController.swift; sourceTree = "<group>"; };
		196CBD131C32686100302FE3 /* Roboto-Medium.ttf */ = {isa = PBXFileReference; lastKnownFileType = file; path = "Roboto-Medium.ttf"; sourceTree = "<group>"; };
		196CBD141C32686100302FE3 /* Roboto-Regular.ttf */ = {isa = PBXFileReference; lastKnownFileType = file; path = "Roboto-Regular.ttf"; sourceTree = "<group>"; };
		196CBD151C32686100302FE3 /* Roboto-Thin.ttf */ = {isa = PBXFileReference; lastKnownFileType = file; path = "Roboto-Thin.ttf"; sourceTree = "<group>"; };
		196CBD1A1C326AB900302FE3 /* Futura (Light).ttf */ = {isa = PBXFileReference; lastKnownFileType = file; path = "Futura (Light).ttf"; sourceTree = "<group>"; };
		196CBD1E1C3281B200302FE3 /* DeckCollectionViewCell.swift */ = {isa = PBXFileReference; fileEncoding = 4; lastKnownFileType = sourcecode.swift; path = DeckCollectionViewCell.swift; sourceTree = "<group>"; };
		196CBD221C3299E600302FE3 /* AddDeckViewController.swift */ = {isa = PBXFileReference; fileEncoding = 4; lastKnownFileType = sourcecode.swift; path = AddDeckViewController.swift; sourceTree = "<group>"; };
		19B020171C3A2851001791D2 /* MDBGScraper.swift */ = {isa = PBXFileReference; fileEncoding = 4; lastKnownFileType = sourcecode.swift; path = MDBGScraper.swift; sourceTree = "<group>"; };
		19B020581C3B6D6A001791D2 /* TFHpple.h */ = {isa = PBXFileReference; fileEncoding = 4; lastKnownFileType = sourcecode.c.h; path = TFHpple.h; sourceTree = "<group>"; };
		19B020591C3B6D6A001791D2 /* TFHpple.m */ = {isa = PBXFileReference; fileEncoding = 4; lastKnownFileType = sourcecode.c.objc; path = TFHpple.m; sourceTree = "<group>"; };
		19B0205A1C3B6D6A001791D2 /* TFHppleElement.h */ = {isa = PBXFileReference; fileEncoding = 4; lastKnownFileType = sourcecode.c.h; path = TFHppleElement.h; sourceTree = "<group>"; };
		19B0205B1C3B6D6A001791D2 /* TFHppleElement.m */ = {isa = PBXFileReference; fileEncoding = 4; lastKnownFileType = sourcecode.c.objc; path = TFHppleElement.m; sourceTree = "<group>"; };
		19B0205C1C3B6D6A001791D2 /* XPathQuery.h */ = {isa = PBXFileReference; fileEncoding = 4; lastKnownFileType = sourcecode.c.h; path = XPathQuery.h; sourceTree = "<group>"; };
		19B0205D1C3B6D6A001791D2 /* XPathQuery.m */ = {isa = PBXFileReference; fileEncoding = 4; lastKnownFileType = sourcecode.c.objc; path = XPathQuery.m; sourceTree = "<group>"; };
		19B020671C3B6E75001791D2 /* libxml2.2.tbd */ = {isa = PBXFileReference; lastKnownFileType = "sourcecode.text-based-dylib-definition"; name = libxml2.2.tbd; path = usr/lib/libxml2.2.tbd; sourceTree = SDKROOT; };
		19B020681C3B6E75001791D2 /* libxml2.tbd */ = {isa = PBXFileReference; lastKnownFileType = "sourcecode.text-based-dylib-definition"; name = libxml2.tbd; path = usr/lib/libxml2.tbd; sourceTree = SDKROOT; };
		19B0206B1C3B7C33001791D2 /* ButtonExtension.swift */ = {isa = PBXFileReference; fileEncoding = 4; lastKnownFileType = sourcecode.swift; path = ButtonExtension.swift; sourceTree = "<group>"; };
		19C40C961C3C068F000BC474 /* DetailCardViewController.swift */ = {isa = PBXFileReference; fileEncoding = 4; lastKnownFileType = sourcecode.swift; path = DetailCardViewController.swift; sourceTree = "<group>"; };
		19E7BC471C375CC80079A1EF /* DetailDeckViewController.swift */ = {isa = PBXFileReference; fileEncoding = 4; lastKnownFileType = sourcecode.swift; path = DetailDeckViewController.swift; sourceTree = "<group>"; };
		19E7BC4B1C3760720079A1EF /* UserActionCollectionViewCell.swift */ = {isa = PBXFileReference; fileEncoding = 4; lastKnownFileType = sourcecode.swift; path = UserActionCollectionViewCell.swift; sourceTree = "<group>"; };
		19E7BC511C37678A0079A1EF /* CardCollectionViewCell.swift */ = {isa = PBXFileReference; fileEncoding = 4; lastKnownFileType = sourcecode.swift; path = CardCollectionViewCell.swift; sourceTree = "<group>"; };
		19E7BC531C3767970079A1EF /* CardCollectionViewController.swift */ = {isa = PBXFileReference; fileEncoding = 4; lastKnownFileType = sourcecode.swift; path = CardCollectionViewController.swift; sourceTree = "<group>"; };
		19E7BC551C378C8A0079A1EF /* SubjectCollectionViewController.swift */ = {isa = PBXFileReference; fileEncoding = 4; lastKnownFileType = sourcecode.swift; path = SubjectCollectionViewController.swift; sourceTree = "<group>"; };
		19E7BC571C378CD80079A1EF /* SubjectCollectionViewCell.swift */ = {isa = PBXFileReference; fileEncoding = 4; lastKnownFileType = sourcecode.swift; path = SubjectCollectionViewCell.swift; sourceTree = "<group>"; };
		19E7BC5B1C378D620079A1EF /* Subject.swift */ = {isa = PBXFileReference; fileEncoding = 4; lastKnownFileType = sourcecode.swift; path = Subject.swift; sourceTree = "<group>"; };
		19ED4D3C1C38AFAE00CA2E1E /* UIViewExtensions.swift */ = {isa = PBXFileReference; fileEncoding = 4; lastKnownFileType = sourcecode.swift; path = UIViewExtensions.swift; sourceTree = "<group>"; };
		19ED4D3E1C38B52800CA2E1E /* ConfigureCollectionView.swift */ = {isa = PBXFileReference; fileEncoding = 4; lastKnownFileType = sourcecode.swift; path = ConfigureCollectionView.swift; sourceTree = "<group>"; };
		19ED4D401C38B66400CA2E1E /* ConfigureNavigationBar.swift */ = {isa = PBXFileReference; fileEncoding = 4; lastKnownFileType = sourcecode.swift; path = ConfigureNavigationBar.swift; sourceTree = "<group>"; };
		19ED4D421C38BE5D00CA2E1E /* TestCollectionViewController.swift */ = {isa = PBXFileReference; fileEncoding = 4; lastKnownFileType = sourcecode.swift; path = TestCollectionViewController.swift; sourceTree = "<group>"; };
		19ED4D441C38BE9600CA2E1E /* TestCollectionViewCell.swift */ = {isa = PBXFileReference; fileEncoding = 4; lastKnownFileType = sourcecode.swift; path = TestCollectionViewCell.swift; sourceTree = "<group>"; };
		19ED4D461C38C18A00CA2E1E /* LabelExtension.swift */ = {isa = PBXFileReference; fileEncoding = 4; lastKnownFileType = sourcecode.swift; path = LabelExtension.swift; sourceTree = "<group>"; };
		19F0D15D1C3E0ED500D5D888 /* FlashCards-Bridging-Header.h */ = {isa = PBXFileReference; fileEncoding = 4; lastKnownFileType = sourcecode.c.h; name = "FlashCards-Bridging-Header.h"; path = "/Users/kevinlu/Documents/iOS/FlashCards/FlashCards/FlashCards-Bridging-Header.h"; sourceTree = "<absolute>"; };
		19F0D1A21C3F9BEA00D5D888 /* PearsonClient.swift */ = {isa = PBXFileReference; fileEncoding = 4; lastKnownFileType = sourcecode.swift; path = PearsonClient.swift; sourceTree = "<group>"; };
		19F0D1A31C3F9BEA00D5D888 /* PearsonData.swift */ = {isa = PBXFileReference; fileEncoding = 4; lastKnownFileType = sourcecode.swift; path = PearsonData.swift; sourceTree = "<group>"; };
		19F0D1A61C3F9D7D00D5D888 /* MDBGData.swift */ = {isa = PBXFileReference; fileEncoding = 4; lastKnownFileType = sourcecode.swift; path = MDBGData.swift; sourceTree = "<group>"; };
/* End PBXFileReference section */

/* Begin PBXFrameworksBuildPhase section */
		19162E301C32546D00BB3BD4 /* Frameworks */ = {
			isa = PBXFrameworksBuildPhase;
			buildActionMask = 2147483647;
			files = (
				19B020691C3B6E75001791D2 /* libxml2.2.tbd in Frameworks */,
				19B0206A1C3B6E75001791D2 /* libxml2.tbd in Frameworks */,
			);
			runOnlyForDeploymentPostprocessing = 0;
		};
		19162E471C32546D00BB3BD4 /* Frameworks */ = {
			isa = PBXFrameworksBuildPhase;
			buildActionMask = 2147483647;
			files = (
			);
			runOnlyForDeploymentPostprocessing = 0;
		};
		19162E521C32546D00BB3BD4 /* Frameworks */ = {
			isa = PBXFrameworksBuildPhase;
			buildActionMask = 2147483647;
			files = (
			);
			runOnlyForDeploymentPostprocessing = 0;
		};
/* End PBXFrameworksBuildPhase section */

/* Begin PBXGroup section */
		19162E2A1C32546D00BB3BD4 = {
			isa = PBXGroup;
			children = (
				19B020671C3B6E75001791D2 /* libxml2.2.tbd */,
				19B020681C3B6E75001791D2 /* libxml2.tbd */,
				19162E351C32546D00BB3BD4 /* FlashCards */,
				19162E4D1C32546D00BB3BD4 /* FlashCardsTests */,
				19162E581C32546D00BB3BD4 /* FlashCardsUITests */,
				19162E341C32546D00BB3BD4 /* Products */,
			);
			sourceTree = "<group>";
		};
		19162E341C32546D00BB3BD4 /* Products */ = {
			isa = PBXGroup;
			children = (
				19162E331C32546D00BB3BD4 /* FlashCards.app */,
				19162E4A1C32546D00BB3BD4 /* FlashCardsTests.xctest */,
				19162E551C32546D00BB3BD4 /* FlashCardsUITests.xctest */,
			);
			name = Products;
			sourceTree = "<group>";
		};
		19162E351C32546D00BB3BD4 /* FlashCards */ = {
			isa = PBXGroup;
			children = (
				19F0D15D1C3E0ED500D5D888 /* FlashCards-Bridging-Header.h */,
				19484F4B1C3CFFD4001207DD /* FlashCards.entitlements */,
				19B020361C3A295B001791D2 /* TFHpple */,
				19162E691C3254E300BB3BD4 /* Model */,
				19162E6B1C3254EF00BB3BD4 /* View */,
				19162E6C1C3254F500BB3BD4 /* Controller */,
				19162E3A1C32546D00BB3BD4 /* Main.storyboard */,
				19162E401C32546D00BB3BD4 /* Assets.xcassets */,
				19162E421C32546D00BB3BD4 /* LaunchScreen.storyboard */,
				19162E451C32546D00BB3BD4 /* Info.plist */,
				196CBD161C32686400302FE3 /* Fonts */,
			);
			path = FlashCards;
			sourceTree = "<group>";
		};
		19162E4D1C32546D00BB3BD4 /* FlashCardsTests */ = {
			isa = PBXGroup;
			children = (
				19162E4E1C32546D00BB3BD4 /* FlashCardsTests.swift */,
				19162E501C32546D00BB3BD4 /* Info.plist */,
			);
			path = FlashCardsTests;
			sourceTree = "<group>";
		};
		19162E581C32546D00BB3BD4 /* FlashCardsUITests */ = {
			isa = PBXGroup;
			children = (
				19162E591C32546D00BB3BD4 /* FlashCardsUITests.swift */,
				19162E5B1C32546D00BB3BD4 /* Info.plist */,
			);
			path = FlashCardsUITests;
			sourceTree = "<group>";
		};
		19162E691C3254E300BB3BD4 /* Model */ = {
			isa = PBXGroup;
			children = (
				19F0D15E1C3E128100D5D888 /* CoreData */,
				19162E361C32546D00BB3BD4 /* AppDelegate.swift */,
				19F0D1A01C3F9BB800D5D888 /* DictionaryAPIs */,
				19B020161C3A2834001791D2 /* HTMLScrapers */,
				194331961C33E7F0001ABC7D /* Data */,
			);
			path = Model;
			sourceTree = "<group>";
		};
		19162E6B1C3254EF00BB3BD4 /* View */ = {
			isa = PBXGroup;
			children = (
				191E4E571C38C47F00C3686D /* Collection View Cells */,
				191E4E581C38C49600C3686D /* Extensions */,
				191E4E591C38C4A700C3686D /* UI Configuration */,
			);
			path = View;
			sourceTree = "<group>";
		};
		19162E6C1C3254F500BB3BD4 /* Controller */ = {
			isa = PBXGroup;
			children = (
				19E7BC551C378C8A0079A1EF /* SubjectCollectionViewController.swift */,
				192CFA0D1C378FDF00ED4585 /* AddSubjectViewController.swift */,
				196CBD111C325F5B00302FE3 /* DeckCollectionViewController.swift */,
				196CBD221C3299E600302FE3 /* AddDeckViewController.swift */,
				19E7BC471C375CC80079A1EF /* DetailDeckViewController.swift */,
				19E7BC531C3767970079A1EF /* CardCollectionViewController.swift */,
				19C40C961C3C068F000BC474 /* DetailCardViewController.swift */,
				192CFA0F1C37AD4900ED4585 /* AddCardViewController.swift */,
				19ED4D421C38BE5D00CA2E1E /* TestCollectionViewController.swift */,
				191E4E5A1C38DC0C00C3686D /* FullTestViewController.swift */,
			);
			name = Controller;
			path = Controllers;
			sourceTree = "<group>";
		};
		191E4E571C38C47F00C3686D /* Collection View Cells */ = {
			isa = PBXGroup;
			children = (
				196CBD1E1C3281B200302FE3 /* DeckCollectionViewCell.swift */,
				19E7BC4B1C3760720079A1EF /* UserActionCollectionViewCell.swift */,
				19E7BC571C378CD80079A1EF /* SubjectCollectionViewCell.swift */,
				19E7BC511C37678A0079A1EF /* CardCollectionViewCell.swift */,
				19ED4D441C38BE9600CA2E1E /* TestCollectionViewCell.swift */,
			);
			path = "Collection View Cells";
			sourceTree = "<group>";
		};
		191E4E581C38C49600C3686D /* Extensions */ = {
			isa = PBXGroup;
			children = (
				19ED4D3C1C38AFAE00CA2E1E /* UIViewExtensions.swift */,
				19ED4D461C38C18A00CA2E1E /* LabelExtension.swift */,
				19B0206B1C3B7C33001791D2 /* ButtonExtension.swift */,
			);
			path = Extensions;
			sourceTree = "<group>";
		};
		191E4E591C38C4A700C3686D /* UI Configuration */ = {
			isa = PBXGroup;
			children = (
				19ED4D3E1C38B52800CA2E1E /* ConfigureCollectionView.swift */,
				19ED4D401C38B66400CA2E1E /* ConfigureNavigationBar.swift */,
			);
			path = "UI Configuration";
			sourceTree = "<group>";
		};
		194331961C33E7F0001ABC7D /* Data */ = {
			isa = PBXGroup;
			children = (
				194331971C33E804001ABC7D /* Deck.swift */,
				194331991C33F0E0001ABC7D /* FlashCard.swift */,
				19E7BC5B1C378D620079A1EF /* Subject.swift */,
			);
			path = Data;
			sourceTree = "<group>";
		};
		196CBD161C32686400302FE3 /* Fonts */ = {
			isa = PBXGroup;
			children = (
				196CBD131C32686100302FE3 /* Roboto-Medium.ttf */,
				196CBD141C32686100302FE3 /* Roboto-Regular.ttf */,
				196CBD151C32686100302FE3 /* Roboto-Thin.ttf */,
				196CBD1A1C326AB900302FE3 /* Futura (Light).ttf */,
			);
			name = Fonts;
			path = Resources/Fonts;
			sourceTree = "<group>";
		};
		19B020161C3A2834001791D2 /* HTMLScrapers */ = {
			isa = PBXGroup;
			children = (
				19F0D1A81C3F9DCF00D5D888 /* MDBGScraper */,
			);
			path = HTMLScrapers;
			sourceTree = "<group>";
		};
		19B020361C3A295B001791D2 /* TFHpple */ = {
			isa = PBXGroup;
			children = (
				19B020581C3B6D6A001791D2 /* TFHpple.h */,
				19B020591C3B6D6A001791D2 /* TFHpple.m */,
				19B0205A1C3B6D6A001791D2 /* TFHppleElement.h */,
				19B0205B1C3B6D6A001791D2 /* TFHppleElement.m */,
				19B0205C1C3B6D6A001791D2 /* XPathQuery.h */,
				19B0205D1C3B6D6A001791D2 /* XPathQuery.m */,
			);
			name = TFHpple;
			path = FlashCards/Resources/TFHpple;
			sourceTree = SOURCE_ROOT;
		};
		19F0D15E1C3E128100D5D888 /* CoreData */ = {
			isa = PBXGroup;
			children = (
				19162E671C3254D600BB3BD4 /* CoreDataStackManager.swift */,
				19162E3D1C32546D00BB3BD4 /* FlashCards.xcdatamodeld */,
			);
			path = CoreData;
			sourceTree = "<group>";
		};
		19F0D1A01C3F9BB800D5D888 /* DictionaryAPIs */ = {
			isa = PBXGroup;
			children = (
				19F0D1A11C3F9BD000D5D888 /* PearsonAPI */,
			);
			name = DictionaryAPIs;
			path = HTMLScrapers;
			sourceTree = "<group>";
		};
		19F0D1A11C3F9BD000D5D888 /* PearsonAPI */ = {
			isa = PBXGroup;
			children = (
				19F0D1A21C3F9BEA00D5D888 /* PearsonClient.swift */,
				19F0D1A31C3F9BEA00D5D888 /* PearsonData.swift */,
			);
			name = PearsonAPI;
			sourceTree = "<group>";
		};
		19F0D1A81C3F9DCF00D5D888 /* MDBGScraper */ = {
			isa = PBXGroup;
			children = (
				19B020171C3A2851001791D2 /* MDBGScraper.swift */,
				19F0D1A61C3F9D7D00D5D888 /* MDBGData.swift */,
			);
			name = MDBGScraper;
			sourceTree = "<group>";
		};
/* End PBXGroup section */

/* Begin PBXNativeTarget section */
		19162E321C32546D00BB3BD4 /* FlashCards */ = {
			isa = PBXNativeTarget;
			buildConfigurationList = 19162E5E1C32546D00BB3BD4 /* Build configuration list for PBXNativeTarget "FlashCards" */;
			buildPhases = (
				19162E2F1C32546D00BB3BD4 /* Sources */,
				19162E301C32546D00BB3BD4 /* Frameworks */,
				19162E311C32546D00BB3BD4 /* Resources */,
			);
			buildRules = (
			);
			dependencies = (
			);
			name = FlashCards;
			productName = FlashCards;
			productReference = 19162E331C32546D00BB3BD4 /* FlashCards.app */;
			productType = "com.apple.product-type.application";
		};
		19162E491C32546D00BB3BD4 /* FlashCardsTests */ = {
			isa = PBXNativeTarget;
			buildConfigurationList = 19162E611C32546D00BB3BD4 /* Build configuration list for PBXNativeTarget "FlashCardsTests" */;
			buildPhases = (
				19162E461C32546D00BB3BD4 /* Sources */,
				19162E471C32546D00BB3BD4 /* Frameworks */,
				19162E481C32546D00BB3BD4 /* Resources */,
			);
			buildRules = (
			);
			dependencies = (
				19162E4C1C32546D00BB3BD4 /* PBXTargetDependency */,
			);
			name = FlashCardsTests;
			productName = FlashCardsTests;
			productReference = 19162E4A1C32546D00BB3BD4 /* FlashCardsTests.xctest */;
			productType = "com.apple.product-type.bundle.unit-test";
		};
		19162E541C32546D00BB3BD4 /* FlashCardsUITests */ = {
			isa = PBXNativeTarget;
			buildConfigurationList = 19162E641C32546D00BB3BD4 /* Build configuration list for PBXNativeTarget "FlashCardsUITests" */;
			buildPhases = (
				19162E511C32546D00BB3BD4 /* Sources */,
				19162E521C32546D00BB3BD4 /* Frameworks */,
				19162E531C32546D00BB3BD4 /* Resources */,
			);
			buildRules = (
			);
			dependencies = (
				19162E571C32546D00BB3BD4 /* PBXTargetDependency */,
			);
			name = FlashCardsUITests;
			productName = FlashCardsUITests;
			productReference = 19162E551C32546D00BB3BD4 /* FlashCardsUITests.xctest */;
			productType = "com.apple.product-type.bundle.ui-testing";
		};
/* End PBXNativeTarget section */

/* Begin PBXProject section */
		19162E2B1C32546D00BB3BD4 /* Project object */ = {
			isa = PBXProject;
			attributes = {
				LastSwiftUpdateCheck = 0720;
				LastUpgradeCheck = 0720;
				ORGANIZATIONNAME = "Kevin Lu";
				TargetAttributes = {
					19162E321C32546D00BB3BD4 = {
						CreatedOnToolsVersion = 7.2;
						DevelopmentTeam = 75W8CPN6HK;
						SystemCapabilities = {
							com.apple.iCloud = {
								enabled = 1;
							};
						};
					};
					19162E491C32546D00BB3BD4 = {
						CreatedOnToolsVersion = 7.2;
						TestTargetID = 19162E321C32546D00BB3BD4;
					};
					19162E541C32546D00BB3BD4 = {
						CreatedOnToolsVersion = 7.2;
						TestTargetID = 19162E321C32546D00BB3BD4;
					};
				};
			};
			buildConfigurationList = 19162E2E1C32546D00BB3BD4 /* Build configuration list for PBXProject "FlashCards" */;
			compatibilityVersion = "Xcode 3.2";
			developmentRegion = English;
			hasScannedForEncodings = 0;
			knownRegions = (
				en,
				Base,
			);
			mainGroup = 19162E2A1C32546D00BB3BD4;
			productRefGroup = 19162E341C32546D00BB3BD4 /* Products */;
			projectDirPath = "";
			projectRoot = "";
			targets = (
				19162E321C32546D00BB3BD4 /* FlashCards */,
				19162E491C32546D00BB3BD4 /* FlashCardsTests */,
				19162E541C32546D00BB3BD4 /* FlashCardsUITests */,
			);
		};
/* End PBXProject section */

/* Begin PBXResourcesBuildPhase section */
		19162E311C32546D00BB3BD4 /* Resources */ = {
			isa = PBXResourcesBuildPhase;
			buildActionMask = 2147483647;
			files = (
				196CBD171C32686E00302FE3 /* Roboto-Medium.ttf in Resources */,
				19162E441C32546D00BB3BD4 /* LaunchScreen.storyboard in Resources */,
				196CBD191C32687300302FE3 /* Roboto-Thin.ttf in Resources */,
				196CBD1B1C326AB900302FE3 /* Futura (Light).ttf in Resources */,
				196CBD181C32687000302FE3 /* Roboto-Regular.ttf in Resources */,
				19162E411C32546D00BB3BD4 /* Assets.xcassets in Resources */,
				19162E3C1C32546D00BB3BD4 /* Main.storyboard in Resources */,
			);
			runOnlyForDeploymentPostprocessing = 0;
		};
		19162E481C32546D00BB3BD4 /* Resources */ = {
			isa = PBXResourcesBuildPhase;
			buildActionMask = 2147483647;
			files = (
			);
			runOnlyForDeploymentPostprocessing = 0;
		};
		19162E531C32546D00BB3BD4 /* Resources */ = {
			isa = PBXResourcesBuildPhase;
			buildActionMask = 2147483647;
			files = (
			);
			runOnlyForDeploymentPostprocessing = 0;
		};
/* End PBXResourcesBuildPhase section */

/* Begin PBXSourcesBuildPhase section */
		19162E2F1C32546D00BB3BD4 /* Sources */ = {
			isa = PBXSourcesBuildPhase;
			buildActionMask = 2147483647;
			files = (
				194331981C33E804001ABC7D /* Deck.swift in Sources */,
				192CFA0E1C378FDF00ED4585 /* AddSubjectViewController.swift in Sources */,
				19ED4D411C38B66400CA2E1E /* ConfigureNavigationBar.swift in Sources */,
				19E7BC5C1C378D620079A1EF /* Subject.swift in Sources */,
				19ED4D451C38BE9600CA2E1E /* TestCollectionViewCell.swift in Sources */,
				19E7BC561C378C8A0079A1EF /* SubjectCollectionViewController.swift in Sources */,
				19B0205F1C3B6D6A001791D2 /* TFHppleElement.m in Sources */,
				19E7BC4C1C3760720079A1EF /* UserActionCollectionViewCell.swift in Sources */,
				19F0D1A41C3F9BEA00D5D888 /* PearsonClient.swift in Sources */,
				19ED4D471C38C18A00CA2E1E /* LabelExtension.swift in Sources */,
				196CBD121C325F5B00302FE3 /* DeckCollectionViewController.swift in Sources */,
				19ED4D3F1C38B52800CA2E1E /* ConfigureCollectionView.swift in Sources */,
				19C40C971C3C068F000BC474 /* DetailCardViewController.swift in Sources */,
				191E4E5B1C38DC0C00C3686D /* FullTestViewController.swift in Sources */,
				19E7BC521C37678A0079A1EF /* CardCollectionViewCell.swift in Sources */,
				1943319A1C33F0E0001ABC7D /* FlashCard.swift in Sources */,
				19E7BC481C375CC80079A1EF /* DetailDeckViewController.swift in Sources */,
				19B020181C3A2851001791D2 /* MDBGScraper.swift in Sources */,
				19E7BC581C378CD80079A1EF /* SubjectCollectionViewCell.swift in Sources */,
				19E7BC541C3767970079A1EF /* CardCollectionViewController.swift in Sources */,
				19ED4D431C38BE5D00CA2E1E /* TestCollectionViewController.swift in Sources */,
				19B0206C1C3B7C33001791D2 /* ButtonExtension.swift in Sources */,
				196CBD231C3299E700302FE3 /* AddDeckViewController.swift in Sources */,
				19162E3F1C32546D00BB3BD4 /* FlashCards.xcdatamodeld in Sources */,
				192CFA101C37AD4900ED4585 /* AddCardViewController.swift in Sources */,
				19B020601C3B6D6A001791D2 /* XPathQuery.m in Sources */,
				196CBD1F1C3281B200302FE3 /* DeckCollectionViewCell.swift in Sources */,
				19162E371C32546D00BB3BD4 /* AppDelegate.swift in Sources */,
				19ED4D3D1C38AFAE00CA2E1E /* UIViewExtensions.swift in Sources */,
				19F0D1A71C3F9D7D00D5D888 /* MDBGData.swift in Sources */,
				19162E681C3254D600BB3BD4 /* CoreDataStackManager.swift in Sources */,
				19F0D1A51C3F9BEA00D5D888 /* PearsonData.swift in Sources */,
				19B0205E1C3B6D6A001791D2 /* TFHpple.m in Sources */,
			);
			runOnlyForDeploymentPostprocessing = 0;
		};
		19162E461C32546D00BB3BD4 /* Sources */ = {
			isa = PBXSourcesBuildPhase;
			buildActionMask = 2147483647;
			files = (
				19162E4F1C32546D00BB3BD4 /* FlashCardsTests.swift in Sources */,
			);
			runOnlyForDeploymentPostprocessing = 0;
		};
		19162E511C32546D00BB3BD4 /* Sources */ = {
			isa = PBXSourcesBuildPhase;
			buildActionMask = 2147483647;
			files = (
				19162E5A1C32546D00BB3BD4 /* FlashCardsUITests.swift in Sources */,
			);
			runOnlyForDeploymentPostprocessing = 0;
		};
/* End PBXSourcesBuildPhase section */

/* Begin PBXTargetDependency section */
		19162E4C1C32546D00BB3BD4 /* PBXTargetDependency */ = {
			isa = PBXTargetDependency;
			target = 19162E321C32546D00BB3BD4 /* FlashCards */;
			targetProxy = 19162E4B1C32546D00BB3BD4 /* PBXContainerItemProxy */;
		};
		19162E571C32546D00BB3BD4 /* PBXTargetDependency */ = {
			isa = PBXTargetDependency;
			target = 19162E321C32546D00BB3BD4 /* FlashCards */;
			targetProxy = 19162E561C32546D00BB3BD4 /* PBXContainerItemProxy */;
		};
/* End PBXTargetDependency section */

/* Begin PBXVariantGroup section */
		19162E3A1C32546D00BB3BD4 /* Main.storyboard */ = {
			isa = PBXVariantGroup;
			children = (
				19162E3B1C32546D00BB3BD4 /* Base */,
			);
			name = Main.storyboard;
			sourceTree = "<group>";
		};
		19162E421C32546D00BB3BD4 /* LaunchScreen.storyboard */ = {
			isa = PBXVariantGroup;
			children = (
				19162E431C32546D00BB3BD4 /* Base */,
			);
			name = LaunchScreen.storyboard;
			sourceTree = "<group>";
		};
/* End PBXVariantGroup section */

/* Begin XCBuildConfiguration section */
		19162E5C1C32546D00BB3BD4 /* Debug */ = {
			isa = XCBuildConfiguration;
			buildSettings = {
				ALWAYS_SEARCH_USER_PATHS = NO;
				CLANG_CXX_LANGUAGE_STANDARD = "gnu++0x";
				CLANG_CXX_LIBRARY = "libc++";
				CLANG_ENABLE_MODULES = YES;
				CLANG_ENABLE_OBJC_ARC = YES;
				CLANG_WARN_BOOL_CONVERSION = YES;
				CLANG_WARN_CONSTANT_CONVERSION = YES;
				CLANG_WARN_DIRECT_OBJC_ISA_USAGE = YES_ERROR;
				CLANG_WARN_EMPTY_BODY = YES;
				CLANG_WARN_ENUM_CONVERSION = YES;
				CLANG_WARN_INT_CONVERSION = YES;
				CLANG_WARN_OBJC_ROOT_CLASS = YES_ERROR;
				CLANG_WARN_UNREACHABLE_CODE = YES;
				CLANG_WARN__DUPLICATE_METHOD_MATCH = YES;
				"CODE_SIGN_IDENTITY[sdk=iphoneos*]" = "iPhone Developer";
				COPY_PHASE_STRIP = NO;
				DEBUG_INFORMATION_FORMAT = dwarf;
				ENABLE_STRICT_OBJC_MSGSEND = YES;
				ENABLE_TESTABILITY = YES;
				GCC_C_LANGUAGE_STANDARD = gnu99;
				GCC_DYNAMIC_NO_PIC = NO;
				GCC_NO_COMMON_BLOCKS = YES;
				GCC_OPTIMIZATION_LEVEL = 0;
				GCC_PREPROCESSOR_DEFINITIONS = (
					"DEBUG=1",
					"$(inherited)",
				);
				GCC_WARN_64_TO_32_BIT_CONVERSION = YES;
				GCC_WARN_ABOUT_RETURN_TYPE = YES_ERROR;
				GCC_WARN_UNDECLARED_SELECTOR = YES;
				GCC_WARN_UNINITIALIZED_AUTOS = YES_AGGRESSIVE;
				GCC_WARN_UNUSED_FUNCTION = YES;
				GCC_WARN_UNUSED_VARIABLE = YES;
				IPHONEOS_DEPLOYMENT_TARGET = 9.2;
				MTL_ENABLE_DEBUG_INFO = YES;
				ONLY_ACTIVE_ARCH = YES;
				SDKROOT = iphoneos;
				SWIFT_OPTIMIZATION_LEVEL = "-Onone";
			};
			name = Debug;
		};
		19162E5D1C32546D00BB3BD4 /* Release */ = {
			isa = XCBuildConfiguration;
			buildSettings = {
				ALWAYS_SEARCH_USER_PATHS = NO;
				CLANG_CXX_LANGUAGE_STANDARD = "gnu++0x";
				CLANG_CXX_LIBRARY = "libc++";
				CLANG_ENABLE_MODULES = YES;
				CLANG_ENABLE_OBJC_ARC = YES;
				CLANG_WARN_BOOL_CONVERSION = YES;
				CLANG_WARN_CONSTANT_CONVERSION = YES;
				CLANG_WARN_DIRECT_OBJC_ISA_USAGE = YES_ERROR;
				CLANG_WARN_EMPTY_BODY = YES;
				CLANG_WARN_ENUM_CONVERSION = YES;
				CLANG_WARN_INT_CONVERSION = YES;
				CLANG_WARN_OBJC_ROOT_CLASS = YES_ERROR;
				CLANG_WARN_UNREACHABLE_CODE = YES;
				CLANG_WARN__DUPLICATE_METHOD_MATCH = YES;
				"CODE_SIGN_IDENTITY[sdk=iphoneos*]" = "iPhone Developer";
				COPY_PHASE_STRIP = NO;
				DEBUG_INFORMATION_FORMAT = "dwarf-with-dsym";
				ENABLE_NS_ASSERTIONS = NO;
				ENABLE_STRICT_OBJC_MSGSEND = YES;
				GCC_C_LANGUAGE_STANDARD = gnu99;
				GCC_NO_COMMON_BLOCKS = YES;
				GCC_WARN_64_TO_32_BIT_CONVERSION = YES;
				GCC_WARN_ABOUT_RETURN_TYPE = YES_ERROR;
				GCC_WARN_UNDECLARED_SELECTOR = YES;
				GCC_WARN_UNINITIALIZED_AUTOS = YES_AGGRESSIVE;
				GCC_WARN_UNUSED_FUNCTION = YES;
				GCC_WARN_UNUSED_VARIABLE = YES;
				IPHONEOS_DEPLOYMENT_TARGET = 9.2;
				MTL_ENABLE_DEBUG_INFO = NO;
				SDKROOT = iphoneos;
				VALIDATE_PRODUCT = YES;
			};
			name = Release;
		};
		19162E5F1C32546D00BB3BD4 /* Debug */ = {
			isa = XCBuildConfiguration;
			buildSettings = {
				ASSETCATALOG_COMPILER_APPICON_NAME = AppIcon;
				CLANG_ENABLE_MODULES = YES;
				CODE_SIGN_ENTITLEMENTS = FlashCards/Model/CoreData/FlashCards.entitlements;
				CODE_SIGN_IDENTITY = "iPhone Developer";
				"CODE_SIGN_IDENTITY[sdk=iphoneos*]" = "iPhone Developer";
				"HEADER_SEARCH_PATHS[arch=*]" = "$(SDKROOT)/usr/include/libxml2";
				INFOPLIST_FILE = FlashCards/Info.plist;
				LD_RUNPATH_SEARCH_PATHS = "$(inherited) @executable_path/Frameworks";
				"OTHER_LDFLAGS[arch=*]" = "-lxml2";
				PRODUCT_BUNDLE_IDENTIFIER = com.kevinlu.FlashCards;
				PRODUCT_NAME = "$(TARGET_NAME)";
				PROVISIONING_PROFILE = "";
				SWIFT_OBJC_BRIDGING_HEADER = "./FlashCards/FlashCards-Bridging-Header.h";
				SWIFT_OPTIMIZATION_LEVEL = "-Onone";
			};
			name = Debug;
		};
		19162E601C32546D00BB3BD4 /* Release */ = {
			isa = XCBuildConfiguration;
			buildSettings = {
				ASSETCATALOG_COMPILER_APPICON_NAME = AppIcon;
				CLANG_ENABLE_MODULES = YES;
				CODE_SIGN_ENTITLEMENTS = FlashCards/Model/CoreData/FlashCards.entitlements;
				CODE_SIGN_IDENTITY = "iPhone Developer";
				"CODE_SIGN_IDENTITY[sdk=iphoneos*]" = "iPhone Developer";
				"HEADER_SEARCH_PATHS[arch=*]" = "$(SDKROOT)/usr/include/libxml2";
				INFOPLIST_FILE = FlashCards/Info.plist;
				LD_RUNPATH_SEARCH_PATHS = "$(inherited) @executable_path/Frameworks";
				"OTHER_LDFLAGS[arch=*]" = "-lxml2";
				PRODUCT_BUNDLE_IDENTIFIER = com.kevinlu.FlashCards;
				PRODUCT_NAME = "$(TARGET_NAME)";
				PROVISIONING_PROFILE = "";
				SWIFT_OBJC_BRIDGING_HEADER = "./FlashCards/FlashCards-Bridging-Header.h";
			};
			name = Release;
		};
		19162E621C32546D00BB3BD4 /* Debug */ = {
			isa = XCBuildConfiguration;
			buildSettings = {
				BUNDLE_LOADER = "$(TEST_HOST)";
				INFOPLIST_FILE = FlashCardsTests/Info.plist;
				LD_RUNPATH_SEARCH_PATHS = "$(inherited) @executable_path/Frameworks @loader_path/Frameworks";
				PRODUCT_BUNDLE_IDENTIFIER = com.kevinlu.FlashCardsTests;
				PRODUCT_NAME = "$(TARGET_NAME)";
				TEST_HOST = "$(BUILT_PRODUCTS_DIR)/FlashCards.app/FlashCards";
			};
			name = Debug;
		};
		19162E631C32546D00BB3BD4 /* Release */ = {
			isa = XCBuildConfiguration;
			buildSettings = {
				BUNDLE_LOADER = "$(TEST_HOST)";
				INFOPLIST_FILE = FlashCardsTests/Info.plist;
				LD_RUNPATH_SEARCH_PATHS = "$(inherited) @executable_path/Frameworks @loader_path/Frameworks";
				PRODUCT_BUNDLE_IDENTIFIER = com.kevinlu.FlashCardsTests;
				PRODUCT_NAME = "$(TARGET_NAME)";
				TEST_HOST = "$(BUILT_PRODUCTS_DIR)/FlashCards.app/FlashCards";
			};
			name = Release;
		};
		19162E651C32546D00BB3BD4 /* Debug */ = {
			isa = XCBuildConfiguration;
			buildSettings = {
				INFOPLIST_FILE = FlashCardsUITests/Info.plist;
				LD_RUNPATH_SEARCH_PATHS = "$(inherited) @executable_path/Frameworks @loader_path/Frameworks";
				PRODUCT_BUNDLE_IDENTIFIER = com.kevinlu.FlashCardsUITests;
				PRODUCT_NAME = "$(TARGET_NAME)";
				TEST_TARGET_NAME = FlashCards;
				USES_XCTRUNNER = YES;
			};
			name = Debug;
		};
		19162E661C32546D00BB3BD4 /* Release */ = {
			isa = XCBuildConfiguration;
			buildSettings = {
				INFOPLIST_FILE = FlashCardsUITests/Info.plist;
				LD_RUNPATH_SEARCH_PATHS = "$(inherited) @executable_path/Frameworks @loader_path/Frameworks";
				PRODUCT_BUNDLE_IDENTIFIER = com.kevinlu.FlashCardsUITests;
				PRODUCT_NAME = "$(TARGET_NAME)";
				TEST_TARGET_NAME = FlashCards;
				USES_XCTRUNNER = YES;
			};
			name = Release;
		};
/* End XCBuildConfiguration section */

/* Begin XCConfigurationList section */
		19162E2E1C32546D00BB3BD4 /* Build configuration list for PBXProject "FlashCards" */ = {
			isa = XCConfigurationList;
			buildConfigurations = (
				19162E5C1C32546D00BB3BD4 /* Debug */,
				19162E5D1C32546D00BB3BD4 /* Release */,
			);
			defaultConfigurationIsVisible = 0;
			defaultConfigurationName = Release;
		};
		19162E5E1C32546D00BB3BD4 /* Build configuration list for PBXNativeTarget "FlashCards" */ = {
			isa = XCConfigurationList;
			buildConfigurations = (
				19162E5F1C32546D00BB3BD4 /* Debug */,
				19162E601C32546D00BB3BD4 /* Release */,
			);
			defaultConfigurationIsVisible = 0;
			defaultConfigurationName = Release;
		};
		19162E611C32546D00BB3BD4 /* Build configuration list for PBXNativeTarget "FlashCardsTests" */ = {
			isa = XCConfigurationList;
			buildConfigurations = (
				19162E621C32546D00BB3BD4 /* Debug */,
				19162E631C32546D00BB3BD4 /* Release */,
			);
			defaultConfigurationIsVisible = 0;
			defaultConfigurationName = Release;
		};
		19162E641C32546D00BB3BD4 /* Build configuration list for PBXNativeTarget "FlashCardsUITests" */ = {
			isa = XCConfigurationList;
			buildConfigurations = (
				19162E651C32546D00BB3BD4 /* Debug */,
				19162E661C32546D00BB3BD4 /* Release */,
			);
			defaultConfigurationIsVisible = 0;
			defaultConfigurationName = Release;
		};
/* End XCConfigurationList section */

/* Begin XCVersionGroup section */
		19162E3D1C32546D00BB3BD4 /* FlashCards.xcdatamodeld */ = {
			isa = XCVersionGroup;
			children = (
				19162E3E1C32546D00BB3BD4 /* FlashCards.xcdatamodel */,
			);
			currentVersion = 19162E3E1C32546D00BB3BD4 /* FlashCards.xcdatamodel */;
			path = FlashCards.xcdatamodeld;
			sourceTree = "<group>";
			versionGroupType = wrapper.xcdatamodel;
		};
/* End XCVersionGroup section */
	};
	rootObject = 19162E2B1C32546D00BB3BD4 /* Project object */;
}
